
Microsoft Visual Studio Solution File, Format Version 12.00
# Visual Studio Version 16
VisualStudioVersion = 16.0.29215.179
MinimumVisualStudioVersion = 10.0.40219.1
Project("{9A19103F-16F7-4668-BE54-9A1E7A4F7556}") = "PruebaSignalR", "PruebaSignalR\PruebaSignalR.csproj", "{8A7013FF-7AA6-44BD-9F38-ED6285B3D77C}"
EndProject
Project("{FAE04EC0-301F-11D3-BF4B-00C04F79EFBC}") = "PruebaSignalR_SQLServer", "PruebaSignalR_SQLServer\PruebaSignalR_SQLServer.csproj", "{C9AA9CCE-5CAD-4C44-8D19-FDA41255EFF2}"
EndProject
Global
	GlobalSection(SolutionConfigurationPlatforms) = preSolution
		Debug|Any CPU = Debug|Any CPU
		Release|Any CPU = Release|Any CPU
	EndGlobalSection
	GlobalSection(ProjectConfigurationPlatforms) = postSolution
		{8A7013FF-7AA6-44BD-9F38-ED6285B3D77C}.Debug|Any CPU.ActiveCfg = Debug|Any CPU
		{8A7013FF-7AA6-44BD-9F38-ED6285B3D77C}.Debug|Any CPU.Build.0 = Debug|Any CPU
		{8A7013FF-7AA6-44BD-9F38-ED6285B3D77C}.Release|Any CPU.ActiveCfg = Release|Any CPU
		{8A7013FF-7AA6-44BD-9F38-ED6285B3D77C}.Release|Any CPU.Build.0 = Release|Any CPU
		{C9AA9CCE-5CAD-4C44-8D19-FDA41255EFF2}.Debug|Any CPU.ActiveCfg = Debug|Any CPU
		{C9AA9CCE-5CAD-4C44-8D19-FDA41255EFF2}.Debug|Any CPU.Build.0 = Debug|Any CPU
		{C9AA9CCE-5CAD-4C44-8D19-FDA41255EFF2}.Release|Any CPU.ActiveCfg = Release|Any CPU
		{C9AA9CCE-5CAD-4C44-8D19-FDA41255EFF2}.Release|Any CPU.Build.0 = Release|Any CPU
	EndGlobalSection
	GlobalSection(SolutionProperties) = preSolution
		HideSolutionNode = FALSE
	EndGlobalSection
	GlobalSection(ExtensibilityGlobals) = postSolution
		SolutionGuid = {763F2DC4-3EE9-460A-A5E5-A5A08C55327D}
	EndGlobalSection
EndGlobal
